{
    "_meta": {
        "hash": {
            "sha256": "6f4af6f2d889c6720adcd052f7e123561ed768e76513817450f842a48a66f357"
        },
        "pipfile-spec": 6,
        "requires": {
            "python_version": "3.6"
        },
        "sources": [
            {
                "name": "pypi",
                "url": "https://pypi.org/simple",
                "verify_ssl": true
            }
        ]
    },
    "default": {
        "attrs": {
            "hashes": [
                "sha256:ec20e7a4825331c1b5ebf261d111e16fa9612c1f7a5e1f884f12bd53a664dfd2",
                "sha256:f913492e1663d3c36f502e5e9ba6cd13cf19d7fab50aa13239e420fef95e1396"
            ],
            "version": "==19.2.0"
        },
        "hypothesis": {
            "hashes": [
                "sha256:54125db871db68cc4002b0d63645143e96ca27c13a4bccecc562f91e31af2418",
                "sha256:9c1a37de7c74e3e04c4676bc9395e100905f4c3b1ed012238db4bb4f60a03207"
            ],
            "index": "pypi",
            "version": "==4.40.0"
        },
        "numpy": {
            "hashes": [
                "sha256:05dbfe72684cc14b92568de1bc1f41e5f62b00f714afc9adee42f6311738091f",
                "sha256:0d82cb7271a577529d07bbb05cb58675f2deb09772175fab96dc8de025d8ac05",
                "sha256:10132aa1fef99adc85a905d82e8497a580f83739837d7cbd234649f2e9b9dc58",
                "sha256:12322df2e21f033a60c80319c25011194cd2a21294cc66fee0908aeae2c27832",
                "sha256:16f19b3aa775dddc9814e02a46b8e6ae6a54ed8cf143962b4e53f0471dbd7b16",
                "sha256:3d0b0989dd2d066db006158de7220802899a1e5c8cf622abe2d0bd158fd01c2c",
                "sha256:438a3f0e7b681642898fd7993d38e2bf140a2d1eafaf3e89bb626db7f50db355",
                "sha256:5fd214f482ab53f2cea57414c5fb3e58895b17df6e6f5bca5be6a0bb6aea23bb",
                "sha256:73615d3edc84dd7c4aeb212fa3748fb83217e00d201875a47327f55363cef2df",
                "sha256:7bd355ad7496f4ce1d235e9814ec81ee3d28308d591c067ce92e49f745ba2c2f",
                "sha256:7d077f2976b8f3de08a0dcf5d72083f4af5411e8fddacd662aae27baa2601196",
                "sha256:a4092682778dc48093e8bda8d26ee8360153e2047826f95a3f5eae09f0ae3abf",
                "sha256:b458de8624c9f6034af492372eb2fee41a8e605f03f4732f43fc099e227858b2",
                "sha256:e70fc8ff03a961f13363c2c95ef8285e0cf6a720f8271836f852cc0fa64e97c8",
                "sha256:ee8e9d7cad5fe6dde50ede0d2e978d81eafeaa6233fb0b8719f60214cf226578",
                "sha256:f4a4f6aba148858a5a5d546a99280f71f5ee6ec8182a7d195af1a914195b21a2"
            ],
            "version": "==1.17.2"
        },
        "pandas": {
            "hashes": [
                "sha256:18d91a9199d1dfaa01ad645f7540370ba630bdcef09daaf9edf45b4b1bca0232",
                "sha256:3f26e5da310a0c0b83ea50da1fd397de2640b02b424aa69be7e0784228f656c9",
                "sha256:4182e32f4456d2c64619e97c58571fa5ca0993d1e8c2d9ca44916185e1726e15",
                "sha256:426e590e2eb0e60f765271d668a30cf38b582eaae5ec9b31229c8c3c10c5bc21",
                "sha256:5eb934a8f0dc358f0e0cdf314072286bbac74e4c124b64371395e94644d5d919",
                "sha256:717928808043d3ea55b9bcde636d4a52d2236c246f6df464163a66ff59980ad8",
                "sha256:8145f97c5ed71827a6ec98ceaef35afed1377e2d19c4078f324d209ff253ecb5",
                "sha256:8744c84c914dcc59cbbb2943b32b7664df1039d99e834e1034a3372acb89ea4d",
                "sha256:c1ac1d9590d0c9314ebf01591bd40d4c03d710bfc84a3889e5263c97d7891dee",
                "sha256:cb2e197b7b0687becb026b84d3c242482f20cbb29a9981e43604eb67576da9f6",
                "sha256:d4001b71ad2c9b84ff18b182cea22b7b6cbf624216da3ea06fb7af28d1f93165",
                "sha256:d8930772adccb2882989ab1493fa74bd87d47c8ac7417f5dd3dd834ba8c24dc9",
                "sha256:dfbb0173ee2399bc4ed3caf2d236e5c0092f948aafd0a15fbe4a0e77ee61a958",
                "sha256:eebfbba048f4fa8ac711b22c78516e16ff8117d05a580e7eeef6b0c2be554c18",
                "sha256:f1b21bc5cf3dbea53d33615d1ead892dfdae9d7052fa8898083bec88be20dcd2"
            ],
            "version": "==0.25.1"
        },
        "python-dateutil": {
            "hashes": [
                "sha256:7e6584c74aeed623791615e26efd690f29817a27c73085b78e4bad02493df2fb",
                "sha256:c89805f6f4d64db21ed966fda138f8a5ed7a4fdbc1a8ee329ce1b74e3c74da9e"
            ],
            "version": "==2.8.0"
        },
        "pytz": {
            "hashes": [
                "sha256:1c557d7d0e871de1f5ccd5833f60fb2550652da6be2693c1e02300743d21500d",
                "sha256:b02c06db6cf09c12dd25137e563b31700d3b80fcc4ad23abb7a315f2789819be"
            ],
            "version": "==2019.3"
        },
        "six": {
            "hashes": [
                "sha256:3350809f0555b11f552448330d0b52d5f24c91a322ea4a15ef22629740f3761c",
                "sha256:d16a0141ec1a18405cd4ce8b4613101da75da0e9a7aec5bdd4fa804d0e0eba73"
            ],
            "version": "==1.12.0"
        },
        "sparkle-session": {
            "editable": true,
            "path": "/Users/machiel/dev/workspace/spark/sparkle-session/target/dist/sparkle-session-1.0.0.dev"
        },
        "sparkle-test": {
            "hashes": [
                "sha256:6d32b6417b7002642f7a348cc133ae86ddecde0c88dedde12012a56021a58a6f",
                "sha256:c7fc4e5c9e8a09ff71df646348cf7585b2b9e72716f30aaf86f7a481e9e6f4e4"
            ],
            "index": "pypi",
            "version": "==1.0.0.dev20191011095317"
        }
    },
    "develop": {
        "py4j": {
            "hashes": [
                "sha256:721189616b3a7d28212dfb2e7c6a1dd5147b03105f1fc37ff2432acd0e863fa5",
                "sha256:a950fe7de1bfd247a0a4dddb9118f332d22a89e01e0699135ea8038c15ee1293"
            ],
            "version": "==0.10.7"
        },
        "pybuilder": {
            "hashes": [
                "sha256:3efa031a57c8b78dea543e1bd3551173d7b358aeb7b423b1f8f831deea91f739",
                "sha256:ae34f94b870761b0783871c38d2b365f03ada49cc23cbeeb6d89c9323235fc20"
            ],
            "index": "pypi",
            "version": "==0.12.0.dev20190116131423"
        },
        "pyspark": {
            "hashes": [
                "sha256:c9d7b7c5e91b13488b657e364ff392a80b2e374b182138e5ec8702a1822bffdc"
            ],
            "index": "pypi",
            "version": "==2.4.0"
        },
        "tailer": {
            "hashes": [
                "sha256:78d60f23a1b8a2d32f400b3c8c06b01142ac7841b75d8a1efcb33515877ba531"
            ],
            "version": "==0.4.1"
        },
        "tblib": {
            "hashes": [
                "sha256:49188d1ed69938811e654a8f6e6a3cfca8a578d8fa95318d8a9861c7f4fccd19",
                "sha256:bd1ad564564a158ff62c290687f3db446038f9ac11a0bf6892712e3601af3bcd"
            ],
            "version": "==1.4.0"
        },
        "wheel": {
            "hashes": [
                "sha256:10c9da68765315ed98850f8e048347c3eb06dd81822dc2ab1d4fde9dc9702646",
                "sha256:f4da1763d3becf2e2cd92a14a7c920f0f00eca30fdde9ea992c836685b9faf28"
            ],
            "version": "==0.33.6"
        }
    }
}
