{
    "_meta": {
        "hash": {
            "sha256": "948fc74344793bbce8ae3f2cd34cb7057e727d9fc52541aa6287e917f898180c"
        },
        "pipfile-spec": 6,
        "requires": {
            "python_version": "3.6"
        },
        "sources": [
            {
                "name": "pypi",
                "url": "https://pypi.org/simple",
                "verify_ssl": true
            }
        ]
    },
    "default": {
        "attrs": {
            "hashes": [
                "sha256:69c0dbf2ed392de1cb5ec704444b08a5ef81680a61cb899dc08127123af36a79",
                "sha256:f0b870f674851ecbfbbbd364d6b5cbdff9dcedbc7f3f5e18a6891057f21fe399"
            ],
            "version": "==19.1.0"
        },
        "hypothesis": {
            "hashes": [
                "sha256:d1296d14870a71c1407e8a028ebb1ac75e44fcc528eb08761fae4cd1a373ab2c",
                "sha256:e4d70db2086215c90d8235c764ccf2371e34837e03daf2b14ea5fb227b47fa55"
            ],
            "index": "pypi",
            "version": "==4.36.0"
        }
    },
    "develop": {
        "py4j": {
            "hashes": [
                "sha256:721189616b3a7d28212dfb2e7c6a1dd5147b03105f1fc37ff2432acd0e863fa5",
                "sha256:a950fe7de1bfd247a0a4dddb9118f332d22a89e01e0699135ea8038c15ee1293"
            ],
            "version": "==0.10.7"
        },
        "pyspark": {
            "hashes": [
                "sha256:c9d7b7c5e91b13488b657e364ff392a80b2e374b182138e5ec8702a1822bffdc"
            ],
            "index": "pypi",
            "version": "==2.4.0"
        }
    }
}
